// !$*UTF8*$!
{
	archiveVersion = 1;
	classes = {
	};
	objectVersion = 56;
	objects = {

/* Begin PBXBuildFile section */
		3FB69C906CF3ADB7B3F56FD8 /* Pods_UpFly.framework in Frameworks */ = {isa = PBXBuildFile; fileRef = AAD8DC97B9F7613EECDC858A /* Pods_UpFly.framework */; };
		DB297CF92B155F6D0053992C /* AppDelegate.swift in Sources */ = {isa = PBXBuildFile; fileRef = DB297CF82B155F6D0053992C /* AppDelegate.swift */; };
		DB297CFB2B155F6D0053992C /* SceneDelegate.swift in Sources */ = {isa = PBXBuildFile; fileRef = DB297CFA2B155F6D0053992C /* SceneDelegate.swift */; };
		DB297D022B155F6E0053992C /* Assets.xcassets in Resources */ = {isa = PBXBuildFile; fileRef = DB297D012B155F6E0053992C /* Assets.xcassets */; };
		DB297D052B155F6E0053992C /* LaunchScreen.storyboard in Resources */ = {isa = PBXBuildFile; fileRef = DB297D032B155F6E0053992C /* LaunchScreen.storyboard */; };
		DB297D0D2B15608D0053992C /* GoogleService-Info.plist in Resources */ = {isa = PBXBuildFile; fileRef = DB297D0C2B15608D0053992C /* GoogleService-Info.plist */; };
		DB297D192B157CC80053992C /* HotelViewController.swift in Sources */ = {isa = PBXBuildFile; fileRef = DB297D182B157CC80053992C /* HotelViewController.swift */; };
		DB297D1D2B157CF80053992C /* EventViewController.swift in Sources */ = {isa = PBXBuildFile; fileRef = DB297D1C2B157CF80053992C /* EventViewController.swift */; };
		DB297D8D2B1C3AC40053992C /* ForgotPasswordController.swift in Sources */ = {isa = PBXBuildFile; fileRef = DB297D8C2B1C3AC40053992C /* ForgotPasswordController.swift */; };
		DB297D8F2B1C3AD70053992C /* RegisterController.swift in Sources */ = {isa = PBXBuildFile; fileRef = DB297D8E2B1C3AD70053992C /* RegisterController.swift */; };
		DB297D912B1C3AE60053992C /* LoginController.swift in Sources */ = {isa = PBXBuildFile; fileRef = DB297D902B1C3AE60053992C /* LoginController.swift */; };
		DB297D932B1C3AF40053992C /* RoomController.swift in Sources */ = {isa = PBXBuildFile; fileRef = DB297D922B1C3AF40053992C /* RoomController.swift */; };
		DB297D952B1C3DCB0053992C /* AuthHeaderView.swift in Sources */ = {isa = PBXBuildFile; fileRef = DB297D942B1C3DCB0053992C /* AuthHeaderView.swift */; };
		DB297D972B1CFDE80053992C /* CustomTextField.swift in Sources */ = {isa = PBXBuildFile; fileRef = DB297D962B1CFDE80053992C /* CustomTextField.swift */; };
		DB297D992B1D0BF30053992C /* CustomButton.swift in Sources */ = {isa = PBXBuildFile; fileRef = DB297D982B1D0BF30053992C /* CustomButton.swift */; };
		DB297D9D2B1D41390053992C /* AlertManager.swift in Sources */ = {isa = PBXBuildFile; fileRef = DB297D9C2B1D41390053992C /* AlertManager.swift */; };
		DB297D9F2B1D931C0053992C /* AuthService.swift in Sources */ = {isa = PBXBuildFile; fileRef = DB297D9E2B1D931C0053992C /* AuthService.swift */; };
		DB297DA12B1D93DA0053992C /* RegisterUserRequest.swift in Sources */ = {isa = PBXBuildFile; fileRef = DB297DA02B1D93DA0053992C /* RegisterUserRequest.swift */; };
		DB297DA32B1D9E2D0053992C /* LoginUserRequest.swift in Sources */ = {isa = PBXBuildFile; fileRef = DB297DA22B1D9E2D0053992C /* LoginUserRequest.swift */; };
		DB297DA52B1DA8B10053992C /* Validator.swift in Sources */ = {isa = PBXBuildFile; fileRef = DB297DA42B1DA8B10053992C /* Validator.swift */; };
		DB297DA72B1DB3480053992C /* User.swift in Sources */ = {isa = PBXBuildFile; fileRef = DB297DA62B1DB3480053992C /* User.swift */; };
		DB297DA92B1E3F8D0053992C /* OverviewController.swift in Sources */ = {isa = PBXBuildFile; fileRef = DB297DA82B1E3F8D0053992C /* OverviewController.swift */; };
		DB297DAB2B1E658B0053992C /* AddOverviewController.swift in Sources */ = {isa = PBXBuildFile; fileRef = DB297DAA2B1E658B0053992C /* AddOverviewController.swift */; };
		DB297DAD2B1E67600053992C /* WeatherController.swift in Sources */ = {isa = PBXBuildFile; fileRef = DB297DAC2B1E67600053992C /* WeatherController.swift */; };
		DB297DAF2B1E82B20053992C /* TabBarController.swift in Sources */ = {isa = PBXBuildFile; fileRef = DB297DAE2B1E82B20053992C /* TabBarController.swift */; };
		DB297DB12B1E84A80053992C /* ReminderViewController.swift in Sources */ = {isa = PBXBuildFile; fileRef = DB297DB02B1E84A80053992C /* ReminderViewController.swift */; };
		DB297DB32B1E999A0053992C /* FirebaseService.swift in Sources */ = {isa = PBXBuildFile; fileRef = DB297DB22B1E999A0053992C /* FirebaseService.swift */; };
		DB297DB52B2199F50053992C /* DepartingFlightViewController.swift in Sources */ = {isa = PBXBuildFile; fileRef = DB297DB42B2199F50053992C /* DepartingFlightViewController.swift */; };
		DB297DB72B219A070053992C /* ReturningFlightViewController.swift in Sources */ = {isa = PBXBuildFile; fileRef = DB297DB62B219A070053992C /* ReturningFlightViewController.swift */; };
		DB297DB92B21AEF70053992C /* LocationService.swift in Sources */ = {isa = PBXBuildFile; fileRef = DB297DB82B21AEF70053992C /* LocationService.swift */; };
		DB297DBF2B22F03D0053992C /* CustomTableViewCell.swift in Sources */ = {isa = PBXBuildFile; fileRef = DB297DBE2B22F03D0053992C /* CustomTableViewCell.swift */; };
/* End PBXBuildFile section */

/* Begin PBXFileReference section */
		83FEF83540DED3238E0A551E /* Pods-UpFly.release.xcconfig */ = {isa = PBXFileReference; includeInIndex = 1; lastKnownFileType = text.xcconfig; name = "Pods-UpFly.release.xcconfig"; path = "Target Support Files/Pods-UpFly/Pods-UpFly.release.xcconfig"; sourceTree = "<group>"; };
		AAD8DC97B9F7613EECDC858A /* Pods_UpFly.framework */ = {isa = PBXFileReference; explicitFileType = wrapper.framework; includeInIndex = 0; path = Pods_UpFly.framework; sourceTree = BUILT_PRODUCTS_DIR; };
		CDC168B04016B57B4F554B8A /* Pods-UpFly.debug.xcconfig */ = {isa = PBXFileReference; includeInIndex = 1; lastKnownFileType = text.xcconfig; name = "Pods-UpFly.debug.xcconfig"; path = "Target Support Files/Pods-UpFly/Pods-UpFly.debug.xcconfig"; sourceTree = "<group>"; };
		DB297CF52B155F6D0053992C /* UpFly.app */ = {isa = PBXFileReference; explicitFileType = wrapper.application; includeInIndex = 0; path = UpFly.app; sourceTree = BUILT_PRODUCTS_DIR; };
		DB297CF82B155F6D0053992C /* AppDelegate.swift */ = {isa = PBXFileReference; lastKnownFileType = sourcecode.swift; path = AppDelegate.swift; sourceTree = "<group>"; };
		DB297CFA2B155F6D0053992C /* SceneDelegate.swift */ = {isa = PBXFileReference; lastKnownFileType = sourcecode.swift; path = SceneDelegate.swift; sourceTree = "<group>"; };
		DB297D012B155F6E0053992C /* Assets.xcassets */ = {isa = PBXFileReference; lastKnownFileType = folder.assetcatalog; path = Assets.xcassets; sourceTree = "<group>"; };
		DB297D042B155F6E0053992C /* Base */ = {isa = PBXFileReference; lastKnownFileType = file.storyboard; name = Base; path = Base.lproj/LaunchScreen.storyboard; sourceTree = "<group>"; };
		DB297D062B155F6E0053992C /* Info.plist */ = {isa = PBXFileReference; lastKnownFileType = text.plist.xml; path = Info.plist; sourceTree = "<group>"; };
		DB297D0C2B15608D0053992C /* GoogleService-Info.plist */ = {isa = PBXFileReference; fileEncoding = 4; lastKnownFileType = text.plist.xml; path = "GoogleService-Info.plist"; sourceTree = "<group>"; };
		DB297D182B157CC80053992C /* HotelViewController.swift */ = {isa = PBXFileReference; lastKnownFileType = sourcecode.swift; path = HotelViewController.swift; sourceTree = "<group>"; };
		DB297D1C2B157CF80053992C /* EventViewController.swift */ = {isa = PBXFileReference; lastKnownFileType = sourcecode.swift; path = EventViewController.swift; sourceTree = "<group>"; };
		DB297D8C2B1C3AC40053992C /* ForgotPasswordController.swift */ = {isa = PBXFileReference; lastKnownFileType = sourcecode.swift; path = ForgotPasswordController.swift; sourceTree = "<group>"; };
		DB297D8E2B1C3AD70053992C /* RegisterController.swift */ = {isa = PBXFileReference; lastKnownFileType = sourcecode.swift; path = RegisterController.swift; sourceTree = "<group>"; };
		DB297D902B1C3AE60053992C /* LoginController.swift */ = {isa = PBXFileReference; lastKnownFileType = sourcecode.swift; path = LoginController.swift; sourceTree = "<group>"; };
		DB297D922B1C3AF40053992C /* RoomController.swift */ = {isa = PBXFileReference; lastKnownFileType = sourcecode.swift; path = RoomController.swift; sourceTree = "<group>"; };
		DB297D942B1C3DCB0053992C /* AuthHeaderView.swift */ = {isa = PBXFileReference; lastKnownFileType = sourcecode.swift; path = AuthHeaderView.swift; sourceTree = "<group>"; };
		DB297D962B1CFDE80053992C /* CustomTextField.swift */ = {isa = PBXFileReference; lastKnownFileType = sourcecode.swift; path = CustomTextField.swift; sourceTree = "<group>"; };
		DB297D982B1D0BF30053992C /* CustomButton.swift */ = {isa = PBXFileReference; lastKnownFileType = sourcecode.swift; path = CustomButton.swift; sourceTree = "<group>"; };
		DB297D9C2B1D41390053992C /* AlertManager.swift */ = {isa = PBXFileReference; lastKnownFileType = sourcecode.swift; path = AlertManager.swift; sourceTree = "<group>"; };
		DB297D9E2B1D931C0053992C /* AuthService.swift */ = {isa = PBXFileReference; lastKnownFileType = sourcecode.swift; path = AuthService.swift; sourceTree = "<group>"; };
		DB297DA02B1D93DA0053992C /* RegisterUserRequest.swift */ = {isa = PBXFileReference; lastKnownFileType = sourcecode.swift; path = RegisterUserRequest.swift; sourceTree = "<group>"; };
		DB297DA22B1D9E2D0053992C /* LoginUserRequest.swift */ = {isa = PBXFileReference; lastKnownFileType = sourcecode.swift; path = LoginUserRequest.swift; sourceTree = "<group>"; };
		DB297DA42B1DA8B10053992C /* Validator.swift */ = {isa = PBXFileReference; lastKnownFileType = sourcecode.swift; path = Validator.swift; sourceTree = "<group>"; };
		DB297DA62B1DB3480053992C /* User.swift */ = {isa = PBXFileReference; lastKnownFileType = sourcecode.swift; path = User.swift; sourceTree = "<group>"; };
		DB297DA82B1E3F8D0053992C /* OverviewController.swift */ = {isa = PBXFileReference; lastKnownFileType = sourcecode.swift; path = OverviewController.swift; sourceTree = "<group>"; };
		DB297DAA2B1E658B0053992C /* AddOverviewController.swift */ = {isa = PBXFileReference; lastKnownFileType = sourcecode.swift; path = AddOverviewController.swift; sourceTree = "<group>"; };
		DB297DAC2B1E67600053992C /* WeatherController.swift */ = {isa = PBXFileReference; lastKnownFileType = sourcecode.swift; path = WeatherController.swift; sourceTree = "<group>"; };
		DB297DAE2B1E82B20053992C /* TabBarController.swift */ = {isa = PBXFileReference; lastKnownFileType = sourcecode.swift; path = TabBarController.swift; sourceTree = "<group>"; };
		DB297DB02B1E84A80053992C /* ReminderViewController.swift */ = {isa = PBXFileReference; lastKnownFileType = sourcecode.swift; path = ReminderViewController.swift; sourceTree = "<group>"; };
		DB297DB22B1E999A0053992C /* FirebaseService.swift */ = {isa = PBXFileReference; lastKnownFileType = sourcecode.swift; path = FirebaseService.swift; sourceTree = "<group>"; };
		DB297DB42B2199F50053992C /* DepartingFlightViewController.swift */ = {isa = PBXFileReference; lastKnownFileType = sourcecode.swift; path = DepartingFlightViewController.swift; sourceTree = "<group>"; };
		DB297DB62B219A070053992C /* ReturningFlightViewController.swift */ = {isa = PBXFileReference; lastKnownFileType = sourcecode.swift; path = ReturningFlightViewController.swift; sourceTree = "<group>"; };
		DB297DB82B21AEF70053992C /* LocationService.swift */ = {isa = PBXFileReference; lastKnownFileType = sourcecode.swift; path = LocationService.swift; sourceTree = "<group>"; };
		DB297DBE2B22F03D0053992C /* CustomTableViewCell.swift */ = {isa = PBXFileReference; lastKnownFileType = sourcecode.swift; path = CustomTableViewCell.swift; sourceTree = "<group>"; };
/* End PBXFileReference section */

/* Begin PBXFrameworksBuildPhase section */
		DB297CF22B155F6D0053992C /* Frameworks */ = {
			isa = PBXFrameworksBuildPhase;
			buildActionMask = 2147483647;
			files = (
				3FB69C906CF3ADB7B3F56FD8 /* Pods_UpFly.framework in Frameworks */,
			);
			runOnlyForDeploymentPostprocessing = 0;
		};
/* End PBXFrameworksBuildPhase section */

/* Begin PBXGroup section */
		933A29D9F810AF2F6AD0C07A /* Frameworks */ = {
			isa = PBXGroup;
			children = (
				AAD8DC97B9F7613EECDC858A /* Pods_UpFly.framework */,
			);
			name = Frameworks;
			sourceTree = "<group>";
		};
		A387819283246716CFCC483A /* Pods */ = {
			isa = PBXGroup;
			children = (
				CDC168B04016B57B4F554B8A /* Pods-UpFly.debug.xcconfig */,
				83FEF83540DED3238E0A551E /* Pods-UpFly.release.xcconfig */,
			);
			path = Pods;
			sourceTree = "<group>";
		};
		DB297CEC2B155F6D0053992C = {
			isa = PBXGroup;
			children = (
				DB297CF72B155F6D0053992C /* UpFly */,
				DB297CF62B155F6D0053992C /* Products */,
				A387819283246716CFCC483A /* Pods */,
				933A29D9F810AF2F6AD0C07A /* Frameworks */,
			);
			sourceTree = "<group>";
		};
		DB297CF62B155F6D0053992C /* Products */ = {
			isa = PBXGroup;
			children = (
				DB297CF52B155F6D0053992C /* UpFly.app */,
			);
			name = Products;
			sourceTree = "<group>";
		};
		DB297CF72B155F6D0053992C /* UpFly */ = {
			isa = PBXGroup;
			children = (
				DB297D452B1C35340053992C /* Resource */,
				DB297D102B1561450053992C /* Model */,
				DB297D0F2B1561410053992C /* View */,
				DB297D0E2B15613D0053992C /* Controller */,
				DB297D062B155F6E0053992C /* Info.plist */,
				DB297D0C2B15608D0053992C /* GoogleService-Info.plist */,
			);
			path = UpFly;
			sourceTree = "<group>";
		};
		DB297D0E2B15613D0053992C /* Controller */ = {
			isa = PBXGroup;
			children = (
				DB297D882B1C38150053992C /* Auth */,
				DB297D892B1C381B0053992C /* MainApp */,
			);
			path = Controller;
			sourceTree = "<group>";
		};
		DB297D0F2B1561410053992C /* View */ = {
			isa = PBXGroup;
			children = (
				DB297D942B1C3DCB0053992C /* AuthHeaderView.swift */,
				DB297D962B1CFDE80053992C /* CustomTextField.swift */,
				DB297D982B1D0BF30053992C /* CustomButton.swift */,
				DB297DBE2B22F03D0053992C /* CustomTableViewCell.swift */,
			);
			path = View;
			sourceTree = "<group>";
		};
		DB297D102B1561450053992C /* Model */ = {
			isa = PBXGroup;
			children = (
				DB297DA02B1D93DA0053992C /* RegisterUserRequest.swift */,
				DB297DA22B1D9E2D0053992C /* LoginUserRequest.swift */,
				DB297DA62B1DB3480053992C /* User.swift */,
			);
			path = Model;
			sourceTree = "<group>";
		};
		DB297D452B1C35340053992C /* Resource */ = {
			isa = PBXGroup;
			children = (
				DB297CF82B155F6D0053992C /* AppDelegate.swift */,
				DB297CFA2B155F6D0053992C /* SceneDelegate.swift */,
				DB297D032B155F6E0053992C /* LaunchScreen.storyboard */,
				DB297D012B155F6E0053992C /* Assets.xcassets */,
				DB297D9C2B1D41390053992C /* AlertManager.swift */,
				DB297D9E2B1D931C0053992C /* AuthService.swift */,
				DB297DA42B1DA8B10053992C /* Validator.swift */,
				DB297DB22B1E999A0053992C /* FirebaseService.swift */,
				DB297DB82B21AEF70053992C /* LocationService.swift */,
			);
			path = Resource;
			sourceTree = "<group>";
		};
		DB297D882B1C38150053992C /* Auth */ = {
			isa = PBXGroup;
			children = (
				DB297D922B1C3AF40053992C /* RoomController.swift */,
				DB297D902B1C3AE60053992C /* LoginController.swift */,
				DB297D8E2B1C3AD70053992C /* RegisterController.swift */,
				DB297D8C2B1C3AC40053992C /* ForgotPasswordController.swift */,
			);
			path = Auth;
			sourceTree = "<group>";
		};
		DB297D892B1C381B0053992C /* MainApp */ = {
			isa = PBXGroup;
			children = (
				DB297DAE2B1E82B20053992C /* TabBarController.swift */,
				DB297DA82B1E3F8D0053992C /* OverviewController.swift */,
				DB297DAA2B1E658B0053992C /* AddOverviewController.swift */,
				DB297DAC2B1E67600053992C /* WeatherController.swift */,
				DB297DB42B2199F50053992C /* DepartingFlightViewController.swift */,
				DB297DB62B219A070053992C /* ReturningFlightViewController.swift */,
				DB297D182B157CC80053992C /* HotelViewController.swift */,
				DB297D1C2B157CF80053992C /* EventViewController.swift */,
				DB297DB02B1E84A80053992C /* ReminderViewController.swift */,
			);
			path = MainApp;
			sourceTree = "<group>";
		};
/* End PBXGroup section */

/* Begin PBXNativeTarget section */
		DB297CF42B155F6D0053992C /* UpFly */ = {
			isa = PBXNativeTarget;
			buildConfigurationList = DB297D092B155F6E0053992C /* Build configuration list for PBXNativeTarget "UpFly" */;
			buildPhases = (
				9B0975EAA6C1D613455EEC7E /* [CP] Check Pods Manifest.lock */,
				DB297CF12B155F6D0053992C /* Sources */,
				DB297CF22B155F6D0053992C /* Frameworks */,
				DB297CF32B155F6D0053992C /* Resources */,
				0C42C93ABA6E359099614E62 /* [CP] Embed Pods Frameworks */,
			);
			buildRules = (
			);
			dependencies = (
			);
			name = UpFly;
			productName = UpFly;
			productReference = DB297CF52B155F6D0053992C /* UpFly.app */;
			productType = "com.apple.product-type.application";
		};
/* End PBXNativeTarget section */

/* Begin PBXProject section */
		DB297CED2B155F6D0053992C /* Project object */ = {
			isa = PBXProject;
			attributes = {
				BuildIndependentTargetsInParallel = 1;
				LastSwiftUpdateCheck = 1500;
				LastUpgradeCheck = 1500;
				TargetAttributes = {
					DB297CF42B155F6D0053992C = {
						CreatedOnToolsVersion = 15.0;
					};
				};
			};
			buildConfigurationList = DB297CF02B155F6D0053992C /* Build configuration list for PBXProject "UpFly" */;
			compatibilityVersion = "Xcode 14.0";
			developmentRegion = en;
			hasScannedForEncodings = 0;
			knownRegions = (
				en,
				Base,
			);
			mainGroup = DB297CEC2B155F6D0053992C;
			productRefGroup = DB297CF62B155F6D0053992C /* Products */;
			projectDirPath = "";
			projectRoot = "";
			targets = (
				DB297CF42B155F6D0053992C /* UpFly */,
			);
		};
/* End PBXProject section */

/* Begin PBXResourcesBuildPhase section */
		DB297CF32B155F6D0053992C /* Resources */ = {
			isa = PBXResourcesBuildPhase;
			buildActionMask = 2147483647;
			files = (
				DB297D052B155F6E0053992C /* LaunchScreen.storyboard in Resources */,
				DB297D0D2B15608D0053992C /* GoogleService-Info.plist in Resources */,
				DB297D022B155F6E0053992C /* Assets.xcassets in Resources */,
			);
			runOnlyForDeploymentPostprocessing = 0;
		};
/* End PBXResourcesBuildPhase section */

/* Begin PBXShellScriptBuildPhase section */
		0C42C93ABA6E359099614E62 /* [CP] Embed Pods Frameworks */ = {
			isa = PBXShellScriptBuildPhase;
			buildActionMask = 2147483647;
			files = (
			);
			inputFileListPaths = (
				"${PODS_ROOT}/Target Support Files/Pods-UpFly/Pods-UpFly-frameworks-${CONFIGURATION}-input-files.xcfilelist",
			);
			name = "[CP] Embed Pods Frameworks";
			outputFileListPaths = (
				"${PODS_ROOT}/Target Support Files/Pods-UpFly/Pods-UpFly-frameworks-${CONFIGURATION}-output-files.xcfilelist",
			);
			runOnlyForDeploymentPostprocessing = 0;
			shellPath = /bin/sh;
			shellScript = "\"${PODS_ROOT}/Target Support Files/Pods-UpFly/Pods-UpFly-frameworks.sh\"\n";
			showEnvVarsInLog = 0;
		};
		9B0975EAA6C1D613455EEC7E /* [CP] Check Pods Manifest.lock */ = {
			isa = PBXShellScriptBuildPhase;
			buildActionMask = 2147483647;
			files = (
			);
			inputFileListPaths = (
			);
			inputPaths = (
				"${PODS_PODFILE_DIR_PATH}/Podfile.lock",
				"${PODS_ROOT}/Manifest.lock",
			);
			name = "[CP] Check Pods Manifest.lock";
			outputFileListPaths = (
			);
			outputPaths = (
				"$(DERIVED_FILE_DIR)/Pods-UpFly-checkManifestLockResult.txt",
			);
			runOnlyForDeploymentPostprocessing = 0;
			shellPath = /bin/sh;
			shellScript = "diff \"${PODS_PODFILE_DIR_PATH}/Podfile.lock\" \"${PODS_ROOT}/Manifest.lock\" > /dev/null\nif [ $? != 0 ] ; then\n    # print error to STDERR\n    echo \"error: The sandbox is not in sync with the Podfile.lock. Run 'pod install' or update your CocoaPods installation.\" >&2\n    exit 1\nfi\n# This output is used by Xcode 'outputs' to avoid re-running this script phase.\necho \"SUCCESS\" > \"${SCRIPT_OUTPUT_FILE_0}\"\n";
			showEnvVarsInLog = 0;
		};
/* End PBXShellScriptBuildPhase section */

/* Begin PBXSourcesBuildPhase section */
		DB297CF12B155F6D0053992C /* Sources */ = {
			isa = PBXSourcesBuildPhase;
			buildActionMask = 2147483647;
			files = (
				DB297DB12B1E84A80053992C /* ReminderViewController.swift in Sources */,
				DB297D9D2B1D41390053992C /* AlertManager.swift in Sources */,
				DB297D932B1C3AF40053992C /* RoomController.swift in Sources */,
				DB297D9F2B1D931C0053992C /* AuthService.swift in Sources */,
				DB297DA52B1DA8B10053992C /* Validator.swift in Sources */,
				DB297D192B157CC80053992C /* HotelViewController.swift in Sources */,
				DB297D912B1C3AE60053992C /* LoginController.swift in Sources */,
				DB297DA32B1D9E2D0053992C /* LoginUserRequest.swift in Sources */,
				DB297D992B1D0BF30053992C /* CustomButton.swift in Sources */,
				DB297D8D2B1C3AC40053992C /* ForgotPasswordController.swift in Sources */,
				DB297DB72B219A070053992C /* ReturningFlightViewController.swift in Sources */,
				DB297DAF2B1E82B20053992C /* TabBarController.swift in Sources */,
				DB297DAB2B1E658B0053992C /* AddOverviewController.swift in Sources */,
				DB297DA72B1DB3480053992C /* User.swift in Sources */,
				DB297CF92B155F6D0053992C /* AppDelegate.swift in Sources */,
				DB297DAD2B1E67600053992C /* WeatherController.swift in Sources */,
				DB297D8F2B1C3AD70053992C /* RegisterController.swift in Sources */,
				DB297D1D2B157CF80053992C /* EventViewController.swift in Sources */,
				DB297DBF2B22F03D0053992C /* CustomTableViewCell.swift in Sources */,
				DB297DB52B2199F50053992C /* DepartingFlightViewController.swift in Sources */,
				DB297DA12B1D93DA0053992C /* RegisterUserRequest.swift in Sources */,
				DB297DB32B1E999A0053992C /* FirebaseService.swift in Sources */,
				DB297CFB2B155F6D0053992C /* SceneDelegate.swift in Sources */,
				DB297DB92B21AEF70053992C /* LocationService.swift in Sources */,
				DB297D952B1C3DCB0053992C /* AuthHeaderView.swift in Sources */,
				DB297D972B1CFDE80053992C /* CustomTextField.swift in Sources */,
				DB297DA92B1E3F8D0053992C /* OverviewController.swift in Sources */,
			);
			runOnlyForDeploymentPostprocessing = 0;
		};
/* End PBXSourcesBuildPhase section */

/* Begin PBXVariantGroup section */
		DB297D032B155F6E0053992C /* LaunchScreen.storyboard */ = {
			isa = PBXVariantGroup;
			children = (
				DB297D042B155F6E0053992C /* Base */,
			);
			name = LaunchScreen.storyboard;
			sourceTree = "<group>";
		};
/* End PBXVariantGroup section */

/* Begin XCBuildConfiguration section */
		DB297D072B155F6E0053992C /* Debug */ = {
			isa = XCBuildConfiguration;
			buildSettings = {
				ALWAYS_SEARCH_USER_PATHS = NO;
				ASSETCATALOG_COMPILER_GENERATE_SWIFT_ASSET_SYMBOL_EXTENSIONS = YES;
				CLANG_ANALYZER_NONNULL = YES;
				CLANG_ANALYZER_NUMBER_OBJECT_CONVERSION = YES_AGGRESSIVE;
				CLANG_CXX_LANGUAGE_STANDARD = "gnu++20";
				CLANG_ENABLE_MODULES = YES;
				CLANG_ENABLE_OBJC_ARC = YES;
				CLANG_ENABLE_OBJC_WEAK = YES;
				CLANG_WARN_BLOCK_CAPTURE_AUTORELEASING = YES;
				CLANG_WARN_BOOL_CONVERSION = YES;
				CLANG_WARN_COMMA = YES;
				CLANG_WARN_CONSTANT_CONVERSION = YES;
				CLANG_WARN_DEPRECATED_OBJC_IMPLEMENTATIONS = YES;
				CLANG_WARN_DIRECT_OBJC_ISA_USAGE = YES_ERROR;
				CLANG_WARN_DOCUMENTATION_COMMENTS = YES;
				CLANG_WARN_EMPTY_BODY = YES;
				CLANG_WARN_ENUM_CONVERSION = YES;
				CLANG_WARN_INFINITE_RECURSION = YES;
				CLANG_WARN_INT_CONVERSION = YES;
				CLANG_WARN_NON_LITERAL_NULL_CONVERSION = YES;
				CLANG_WARN_OBJC_IMPLICIT_RETAIN_SELF = YES;
				CLANG_WARN_OBJC_LITERAL_CONVERSION = YES;
				CLANG_WARN_OBJC_ROOT_CLASS = YES_ERROR;
				CLANG_WARN_QUOTED_INCLUDE_IN_FRAMEWORK_HEADER = YES;
				CLANG_WARN_RANGE_LOOP_ANALYSIS = YES;
				CLANG_WARN_STRICT_PROTOTYPES = YES;
				CLANG_WARN_SUSPICIOUS_MOVE = YES;
				CLANG_WARN_UNGUARDED_AVAILABILITY = YES_AGGRESSIVE;
				CLANG_WARN_UNREACHABLE_CODE = YES;
				CLANG_WARN__DUPLICATE_METHOD_MATCH = YES;
				COPY_PHASE_STRIP = NO;
				DEBUG_INFORMATION_FORMAT = dwarf;
				ENABLE_STRICT_OBJC_MSGSEND = YES;
				ENABLE_TESTABILITY = YES;
				ENABLE_USER_SCRIPT_SANDBOXING = NO;
				GCC_C_LANGUAGE_STANDARD = gnu17;
				GCC_DYNAMIC_NO_PIC = NO;
				GCC_NO_COMMON_BLOCKS = YES;
				GCC_OPTIMIZATION_LEVEL = 0;
				GCC_PREPROCESSOR_DEFINITIONS = (
					"DEBUG=1",
					"$(inherited)",
				);
				GCC_WARN_64_TO_32_BIT_CONVERSION = YES;
				GCC_WARN_ABOUT_RETURN_TYPE = YES_ERROR;
				GCC_WARN_UNDECLARED_SELECTOR = YES;
				GCC_WARN_UNINITIALIZED_AUTOS = YES_AGGRESSIVE;
				GCC_WARN_UNUSED_FUNCTION = YES;
				GCC_WARN_UNUSED_VARIABLE = YES;
				IPHONEOS_DEPLOYMENT_TARGET = 17.0;
				LOCALIZATION_PREFERS_STRING_CATALOGS = YES;
				MTL_ENABLE_DEBUG_INFO = INCLUDE_SOURCE;
				MTL_FAST_MATH = YES;
				ONLY_ACTIVE_ARCH = YES;
				SDKROOT = iphoneos;
				SWIFT_ACTIVE_COMPILATION_CONDITIONS = "DEBUG $(inherited)";
				SWIFT_OPTIMIZATION_LEVEL = "-Onone";
			};
			name = Debug;
		};
		DB297D082B155F6E0053992C /* Release */ = {
			isa = XCBuildConfiguration;
			buildSettings = {
				ALWAYS_SEARCH_USER_PATHS = NO;
				ASSETCATALOG_COMPILER_GENERATE_SWIFT_ASSET_SYMBOL_EXTENSIONS = YES;
				CLANG_ANALYZER_NONNULL = YES;
				CLANG_ANALYZER_NUMBER_OBJECT_CONVERSION = YES_AGGRESSIVE;
				CLANG_CXX_LANGUAGE_STANDARD = "gnu++20";
				CLANG_ENABLE_MODULES = YES;
				CLANG_ENABLE_OBJC_ARC = YES;
				CLANG_ENABLE_OBJC_WEAK = YES;
				CLANG_WARN_BLOCK_CAPTURE_AUTORELEASING = YES;
				CLANG_WARN_BOOL_CONVERSION = YES;
				CLANG_WARN_COMMA = YES;
				CLANG_WARN_CONSTANT_CONVERSION = YES;
				CLANG_WARN_DEPRECATED_OBJC_IMPLEMENTATIONS = YES;
				CLANG_WARN_DIRECT_OBJC_ISA_USAGE = YES_ERROR;
				CLANG_WARN_DOCUMENTATION_COMMENTS = YES;
				CLANG_WARN_EMPTY_BODY = YES;
				CLANG_WARN_ENUM_CONVERSION = YES;
				CLANG_WARN_INFINITE_RECURSION = YES;
				CLANG_WARN_INT_CONVERSION = YES;
				CLANG_WARN_NON_LITERAL_NULL_CONVERSION = YES;
				CLANG_WARN_OBJC_IMPLICIT_RETAIN_SELF = YES;
				CLANG_WARN_OBJC_LITERAL_CONVERSION = YES;
				CLANG_WARN_OBJC_ROOT_CLASS = YES_ERROR;
				CLANG_WARN_QUOTED_INCLUDE_IN_FRAMEWORK_HEADER = YES;
				CLANG_WARN_RANGE_LOOP_ANALYSIS = YES;
				CLANG_WARN_STRICT_PROTOTYPES = YES;
				CLANG_WARN_SUSPICIOUS_MOVE = YES;
				CLANG_WARN_UNGUARDED_AVAILABILITY = YES_AGGRESSIVE;
				CLANG_WARN_UNREACHABLE_CODE = YES;
				CLANG_WARN__DUPLICATE_METHOD_MATCH = YES;
				COPY_PHASE_STRIP = NO;
				DEBUG_INFORMATION_FORMAT = "dwarf-with-dsym";
				ENABLE_NS_ASSERTIONS = NO;
				ENABLE_STRICT_OBJC_MSGSEND = YES;
				ENABLE_USER_SCRIPT_SANDBOXING = NO;
				GCC_C_LANGUAGE_STANDARD = gnu17;
				GCC_NO_COMMON_BLOCKS = YES;
				GCC_WARN_64_TO_32_BIT_CONVERSION = YES;
				GCC_WARN_ABOUT_RETURN_TYPE = YES_ERROR;
				GCC_WARN_UNDECLARED_SELECTOR = YES;
				GCC_WARN_UNINITIALIZED_AUTOS = YES_AGGRESSIVE;
				GCC_WARN_UNUSED_FUNCTION = YES;
				GCC_WARN_UNUSED_VARIABLE = YES;
				IPHONEOS_DEPLOYMENT_TARGET = 17.0;
				LOCALIZATION_PREFERS_STRING_CATALOGS = YES;
				MTL_ENABLE_DEBUG_INFO = NO;
				MTL_FAST_MATH = YES;
				SDKROOT = iphoneos;
				SWIFT_COMPILATION_MODE = wholemodule;
				VALIDATE_PRODUCT = YES;
			};
			name = Release;
		};
		DB297D0A2B155F6E0053992C /* Debug */ = {
			isa = XCBuildConfiguration;
			baseConfigurationReference = CDC168B04016B57B4F554B8A /* Pods-UpFly.debug.xcconfig */;
			buildSettings = {
				ASSETCATALOG_COMPILER_APPICON_NAME = AppIcon;
				ASSETCATALOG_COMPILER_GLOBAL_ACCENT_COLOR_NAME = AccentColor;
				CODE_SIGN_STYLE = Automatic;
				CURRENT_PROJECT_VERSION = 1;
				DEVELOPMENT_TEAM = 6A66F59VZV;
				GENERATE_INFOPLIST_FILE = YES;
				INFOPLIST_FILE = UpFly/Info.plist;
				INFOPLIST_KEY_CFBundleDisplayName = UpFly;
				INFOPLIST_KEY_UIApplicationSupportsIndirectInputEvents = YES;
				INFOPLIST_KEY_UILaunchStoryboardName = LaunchScreen;
				INFOPLIST_KEY_UISupportedInterfaceOrientations = UIInterfaceOrientationPortrait;
				LD_RUNPATH_SEARCH_PATHS = (
					"$(inherited)",
					"@executable_path/Frameworks",
				);
				MARKETING_VERSION = 1.0;
				PRODUCT_BUNDLE_IDENTIFIER = com.shuxinweng.UpFly;
				PRODUCT_NAME = "$(TARGET_NAME)";
				SWIFT_EMIT_LOC_STRINGS = YES;
				SWIFT_VERSION = 5.0;
				TARGETED_DEVICE_FAMILY = "1,2";
			};
			name = Debug;
		};
		DB297D0B2B155F6E0053992C /* Release */ = {
			isa = XCBuildConfiguration;
			baseConfigurationReference = 83FEF83540DED3238E0A551E /* Pods-UpFly.release.xcconfig */;
			buildSettings = {
				ASSETCATALOG_COMPILER_APPICON_NAME = AppIcon;
				ASSETCATALOG_COMPILER_GLOBAL_ACCENT_COLOR_NAME = AccentColor;
				CODE_SIGN_STYLE = Automatic;
				CURRENT_PROJECT_VERSION = 1;
				DEVELOPMENT_TEAM = 6A66F59VZV;
				GENERATE_INFOPLIST_FILE = YES;
				INFOPLIST_FILE = UpFly/Info.plist;
				INFOPLIST_KEY_CFBundleDisplayName = UpFly;
				INFOPLIST_KEY_UIApplicationSupportsIndirectInputEvents = YES;
				INFOPLIST_KEY_UILaunchStoryboardName = LaunchScreen;
				INFOPLIST_KEY_UISupportedInterfaceOrientations = UIInterfaceOrientationPortrait;
				LD_RUNPATH_SEARCH_PATHS = (
					"$(inherited)",
					"@executable_path/Frameworks",
				);
				MARKETING_VERSION = 1.0;
				PRODUCT_BUNDLE_IDENTIFIER = com.shuxinweng.UpFly;
				PRODUCT_NAME = "$(TARGET_NAME)";
				SWIFT_EMIT_LOC_STRINGS = YES;
				SWIFT_VERSION = 5.0;
				TARGETED_DEVICE_FAMILY = "1,2";
			};
			name = Release;
		};
/* End XCBuildConfiguration section */

/* Begin XCConfigurationList section */
		DB297CF02B155F6D0053992C /* Build configuration list for PBXProject "UpFly" */ = {
			isa = XCConfigurationList;
			buildConfigurations = (
				DB297D072B155F6E0053992C /* Debug */,
				DB297D082B155F6E0053992C /* Release */,
			);
			defaultConfigurationIsVisible = 0;
			defaultConfigurationName = Release;
		};
		DB297D092B155F6E0053992C /* Build configuration list for PBXNativeTarget "UpFly" */ = {
			isa = XCConfigurationList;
			buildConfigurations = (
				DB297D0A2B155F6E0053992C /* Debug */,
				DB297D0B2B155F6E0053992C /* Release */,
			);
			defaultConfigurationIsVisible = 0;
			defaultConfigurationName = Release;
		};
/* End XCConfigurationList section */
	};
	rootObject = DB297CED2B155F6D0053992C /* Project object */;
}
